
      "version": "5.15.0",
      "resolved": "https://registry.npmjs.org/eslint/-/eslint-5.15.0.tgz",
      "integrity": "sha512-xwG7SS5JLeqkiR3iOmVgtF8Y6xPdtr6AAsN6ph7Q6R/fv+3UlKYoika8SmNzmb35qdRF+RfTY35kMEdtbi+9wg==",
        "eslint-scope": "^4.0.2",
          "version": "6.1.1",
          "resolved": "https://registry.npmjs.org/acorn/-/acorn-6.1.1.tgz",
          "integrity": "sha512-jPTiwtOxaHNaAPg/dmrJ/beuzLRnXtB0kQPQ8JpotKJgTB6rX6c8mlf315941pyjBSaPg8NHXS9fhP4u17DpGA==",
          "version": "6.10.0",
          "resolved": "https://registry.npmjs.org/ajv/-/ajv-6.10.0.tgz",
          "integrity": "sha512-nffhOpkymDECQyR0mnsUtoCE8RlX38G0rYP+wgLWFyZuUyuuojSSvi/+euOiQBIn63whYwYVIIH1TvE3tu4OEg==",
          "version": "4.0.2",
          "resolved": "https://registry.npmjs.org/eslint-scope/-/eslint-scope-4.0.2.tgz",
          "integrity": "sha512-5q1+B/ogmHl8+paxtOKx38Z8LtWkVGuNt3+GQNErqwLl6ViNp/gdJGMCjZNxZ8j/VYjDNZ2Fo+eQc1TAVPIzbg==",
      "version": "2.6.8",
      "resolved": "https://registry.npmjs.org/vue/-/vue-2.6.8.tgz",
      "integrity": "sha512-+vp9lEC2Kt3yom673pzg1J7T1NVGuGzO9j8Wxno+rQN2WYVBX2pyo/RGQ3fXCLh2Pk76Skw/laAPCuBuEQ4diw=="
      "version": "2.6.8",
      "resolved": "https://registry.npmjs.org/vue-template-compiler/-/vue-template-compiler-2.6.8.tgz",
      "integrity": "sha512-SwWKANE5ee+oJg+dEJmsdxsxWYICPsNwk68+1AFjOS8l0O/Yz2845afuJtFqf3UjS/vXG7ECsPeHHEAD65Cjng==",